
Microsoft Visual Studio Solution File, Format Version 12.00
# Visual Studio Version 16
VisualStudioVersion = 16.0.28729.10
MinimumVisualStudioVersion = 10.0.40219.1
Project("{FAE04EC0-301F-11D3-BF4B-00C04F79EFBC}") = "Bridgeport Library", "Bridgeport Library\Bridgeport Library.csproj", "{141EC84B-9853-4B86-8ADD-A9211AC246D4}"
EndProject
Global
	GlobalSection(SolutionConfigurationPlatforms) = preSolution
		Debug|Any CPU = Debug|Any CPU
		Release|Any CPU = Release|Any CPU
	EndGlobalSection
	GlobalSection(ProjectConfigurationPlatforms) = postSolution
		{141EC84B-9853-4B86-8ADD-A9211AC246D4}.Debug|Any CPU.ActiveCfg = Debug|Any CPU
		{141EC84B-9853-4B86-8ADD-A9211AC246D4}.Debug|Any CPU.Build.0 = Debug|Any CPU
		{141EC84B-9853-4B86-8ADD-A9211AC246D4}.Release|Any CPU.ActiveCfg = Release|Any CPU
		{141EC84B-9853-4B86-8ADD-A9211AC246D4}.Release|Any CPU.Build.0 = Release|Any CPU
	EndGlobalSection
	GlobalSection(SolutionProperties) = preSolution
		HideSolutionNode = FALSE
	EndGlobalSection
	GlobalSection(ExtensibilityGlobals) = postSolution
		SolutionGuid = {101C7D65-45EB-4AB7-9FEC-95708360167A}
	EndGlobalSection
EndGlobal
